
Microsoft Visual Studio Solution File, Format Version 12.00
# Visual Studio Version 16
VisualStudioVersion = 16.0.30105.148
MinimumVisualStudioVersion = 10.0.40219.1
Project("{9A19103F-16F7-4668-BE54-9A1E7A4F7556}") = "GreenHavenHome", "..\GreenHavenHome.csproj", "{6F87BFB0-5352-4536-AD45-F0AAD557CAA4}"
EndProject
Global
	GlobalSection(SolutionConfigurationPlatforms) = preSolution
		Debug|Any CPU = Debug|Any CPU
		Release|Any CPU = Release|Any CPU
	EndGlobalSection
	GlobalSection(ProjectConfigurationPlatforms) = postSolution
		{6F87BFB0-5352-4536-AD45-F0AAD557CAA4}.Debug|Any CPU.ActiveCfg = Debug|Any CPU
		{6F87BFB0-5352-4536-AD45-F0AAD557CAA4}.Debug|Any CPU.Build.0 = Debug|Any CPU
		{6F87BFB0-5352-4536-AD45-F0AAD557CAA4}.Release|Any CPU.ActiveCfg = Release|Any CPU
		{6F87BFB0-5352-4536-AD45-F0AAD557CAA4}.Release|Any CPU.Build.0 = Release|Any CPU
	EndGlobalSection
	GlobalSection(SolutionProperties) = preSolution
		HideSolutionNode = FALSE
	EndGlobalSection
	GlobalSection(ExtensibilityGlobals) = postSolution
		SolutionGuid = {33D16DEB-B03E-4A95-8EA2-2ED88B1BD64B}
	EndGlobalSection
EndGlobal
